# THIS IS AN AUTOGENERATED FILE. DO NOT EDIT THIS FILE DIRECTLY.
# yarn lockfile v1


argparse@^1.0.7:
  version "1.0.9"
  resolved "https://registry.yarnpkg.com/argparse/-/argparse-1.0.9.tgz#73d83bc263f86e97f8cc4f6bae1b0e90a7d22c86"
  dependencies:
    sprintf-js "~1.0.2"

axios@^0.15.3:
  version "0.15.3"
  resolved "https://registry.yarnpkg.com/axios/-/axios-0.15.3.tgz#2c9d638b2e191a08ea1d6cc988eadd6ba5bdc053"
  dependencies:
    follow-redirects "1.0.0"

debug@^2.2.0:
  version "2.6.0"
  resolved "https://registry.yarnpkg.com/debug/-/debug-2.6.0.tgz#bc596bcabe7617f11d9fa15361eded5608b8499b"
  dependencies:
    ms "0.7.2"

es6-promise@^4.0.5:
  version "4.0.5"
  resolved "https://registry.yarnpkg.com/es6-promise/-/es6-promise-4.0.5.tgz#7882f30adde5b240ccfa7f7d78c548330951ae42"

esprima@^2.6.0:
  version "2.7.3"
  resolved "https://registry.yarnpkg.com/esprima/-/esprima-2.7.3.tgz#96e3b70d5779f6ad49cd032673d1c312767ba581"

follow-redirects@1.0.0:
  version "1.0.0"
  resolved "https://registry.yarnpkg.com/follow-redirects/-/follow-redirects-1.0.0.tgz#8e34298cbd2e176f254effec75a1c78cc849fd37"
  dependencies:
    debug "^2.2.0"

frontmatter@^0.0.3:
  version "0.0.3"
  resolved "https://registry.yarnpkg.com/frontmatter/-/frontmatter-0.0.3.tgz#160e7533e0540fc9c0edcc48083dfd7aa1e6c6ec"
  dependencies:
    js-yaml "^3.4.6"

js-yaml@^3.4.6:
  version "3.7.0"
  resolved "https://registry.yarnpkg.com/js-yaml/-/js-yaml-3.7.0.tgz#5c967ddd837a9bfdca5f2de84253abe8a1c03b80"
  dependencies:
    argparse "^1.0.7"
    esprima "^2.6.0"

marked@^0.3.6:
  version "0.3.6"
  resolved "https://registry.yarnpkg.com/marked/-/marked-0.3.6.tgz#b2c6c618fccece4ef86c4fc6cb8a7cbf5aeda8d7"

ms@0.7.2:
  version "0.7.2"
  resolved "https://registry.yarnpkg.com/ms/-/ms-0.7.2.tgz#ae25cf2512b3885a1d95d7f037868d8431124765"

sprintf-js@~1.0.2:
  version "1.0.3"
  resolved "https://registry.yarnpkg.com/sprintf-js/-/sprintf-js-1.0.3.tgz#04e6926f662895354f3dd015203633b857297e2c"

timeago.js@^2.0.4:
  version "2.0.4"
  resolved "https://registry.yarnpkg.com/timeago.js/-/timeago.js-2.0.4.tgz#11ee47196916f8e3687c497eb76cdfbeec6d7162"

vue-router@^2.1.1:
  version "2.1.1"
  resolved "https://registry.yarnpkg.com/vue-router/-/vue-router-2.1.1.tgz#10c31bbdcb6da92bd3e0223fa12345e73018625a"

vue@^2.1.8:
  version "2.1.8"
  resolved "https://registry.yarnpkg.com/vue/-/vue-2.1.8.tgz#ae30aa86024fccf5535292ce414e7b4c221a1756"
